// !$*UTF8*$!
{
	archiveVersion = 1;
	classes = {
	};
	objectVersion = 46;
	objects = {

/* Begin PBXBuildFile section */
		052207DE19EC377900B4FDED /* main.m in Sources */ = {isa = PBXBuildFile; fileRef = 052207DD19EC377900B4FDED /* main.m */; };
		052207E119EC377A00B4FDED /* AppDelegate.m in Sources */ = {isa = PBXBuildFile; fileRef = 052207E019EC377A00B4FDED /* AppDelegate.m */; };
		052207E919EC377A00B4FDED /* Images.xcassets in Resources */ = {isa = PBXBuildFile; fileRef = 052207E819EC377A00B4FDED /* Images.xcassets */; };
		052207EC19EC377A00B4FDED /* LaunchScreen.xib in Resources */ = {isa = PBXBuildFile; fileRef = 052207EA19EC377A00B4FDED /* LaunchScreen.xib */; };
		052207F819EC377A00B4FDED /* BlocstagramTests.m in Sources */ = {isa = PBXBuildFile; fileRef = 052207F719EC377A00B4FDED /* BlocstagramTests.m */; };
		0522080319EC386F00B4FDED /* 1.jpg in Resources */ = {isa = PBXBuildFile; fileRef = 0522080219EC386F00B4FDED /* 1.jpg */; };
		0522080519EC388600B4FDED /* 10.jpg in Resources */ = {isa = PBXBuildFile; fileRef = 0522080419EC388600B4FDED /* 10.jpg */; };
		0522080719EC389500B4FDED /* 9.jpg in Resources */ = {isa = PBXBuildFile; fileRef = 0522080619EC389400B4FDED /* 9.jpg */; };
		0522080C19EC38A400B4FDED /* 5.jpg in Resources */ = {isa = PBXBuildFile; fileRef = 0522080819EC38A400B4FDED /* 5.jpg */; };
		0522080D19EC38A400B4FDED /* 6.jpg in Resources */ = {isa = PBXBuildFile; fileRef = 0522080919EC38A400B4FDED /* 6.jpg */; };
		0522080E19EC38A400B4FDED /* 7.jpg in Resources */ = {isa = PBXBuildFile; fileRef = 0522080A19EC38A400B4FDED /* 7.jpg */; };
		0522080F19EC38A400B4FDED /* 8.jpg in Resources */ = {isa = PBXBuildFile; fileRef = 0522080B19EC38A400B4FDED /* 8.jpg */; };
		0522081319EC38B200B4FDED /* 2.jpg in Resources */ = {isa = PBXBuildFile; fileRef = 0522081019EC38B200B4FDED /* 2.jpg */; };
		0522081419EC38B200B4FDED /* 3.jpg in Resources */ = {isa = PBXBuildFile; fileRef = 0522081119EC38B200B4FDED /* 3.jpg */; };
		0522081519EC38B200B4FDED /* 4.jpg in Resources */ = {isa = PBXBuildFile; fileRef = 0522081219EC38B200B4FDED /* 4.jpg */; };
		0522081819EC3A0300B4FDED /* ImagesTableViewController.m in Sources */ = {isa = PBXBuildFile; fileRef = 0522081719EC3A0300B4FDED /* ImagesTableViewController.m */; };
		0522081B19EC910A00B4FDED /* User.m in Sources */ = {isa = PBXBuildFile; fileRef = 0522081A19EC910A00B4FDED /* User.m */; };
		0522081E19EC929200B4FDED /* Media.m in Sources */ = {isa = PBXBuildFile; fileRef = 0522081D19EC929200B4FDED /* Media.m */; };
		0522082119EC940D00B4FDED /* Comment.m in Sources */ = {isa = PBXBuildFile; fileRef = 0522082019EC940D00B4FDED /* Comment.m */; };
		0522082419EC947C00B4FDED /* DataSource.m in Sources */ = {isa = PBXBuildFile; fileRef = 0522082319EC947C00B4FDED /* DataSource.m */; };
		0522082A19ECDBBC00B4FDED /* MediaTableViewCell.m in Sources */ = {isa = PBXBuildFile; fileRef = 0522082919ECDBBC00B4FDED /* MediaTableViewCell.m */; };
		0522082D19EF4D1000B4FDED /* LoginViewController.m in Sources */ = {isa = PBXBuildFile; fileRef = 0522082C19EF4D1000B4FDED /* LoginViewController.m */; };
/* End PBXBuildFile section */

/* Begin PBXContainerItemProxy section */
		052207F219EC377A00B4FDED /* PBXContainerItemProxy */ = {
			isa = PBXContainerItemProxy;
			containerPortal = 052207D019EC377900B4FDED /* Project object */;
			proxyType = 1;
			remoteGlobalIDString = 052207D719EC377900B4FDED;
			remoteInfo = Blocstagram;
		};
/* End PBXContainerItemProxy section */

/* Begin PBXFileReference section */
		052207D819EC377900B4FDED /* Blocstagram.app */ = {isa = PBXFileReference; explicitFileType = wrapper.application; includeInIndex = 0; path = Blocstagram.app; sourceTree = BUILT_PRODUCTS_DIR; };
		052207DC19EC377900B4FDED /* Info.plist */ = {isa = PBXFileReference; lastKnownFileType = text.plist.xml; path = Info.plist; sourceTree = "<group>"; };
		052207DD19EC377900B4FDED /* main.m */ = {isa = PBXFileReference; lastKnownFileType = sourcecode.c.objc; path = main.m; sourceTree = "<group>"; };
		052207DF19EC377900B4FDED /* AppDelegate.h */ = {isa = PBXFileReference; lastKnownFileType = sourcecode.c.h; path = AppDelegate.h; sourceTree = "<group>"; };
		052207E019EC377A00B4FDED /* AppDelegate.m */ = {isa = PBXFileReference; lastKnownFileType = sourcecode.c.objc; path = AppDelegate.m; sourceTree = "<group>"; };
		052207E819EC377A00B4FDED /* Images.xcassets */ = {isa = PBXFileReference; lastKnownFileType = folder.assetcatalog; path = Images.xcassets; sourceTree = "<group>"; };
		052207EB19EC377A00B4FDED /* Base */ = {isa = PBXFileReference; lastKnownFileType = file.xib; name = Base; path = Base.lproj/LaunchScreen.xib; sourceTree = "<group>"; };
		052207F119EC377A00B4FDED /* BlocstagramTests.xctest */ = {isa = PBXFileReference; explicitFileType = wrapper.cfbundle; includeInIndex = 0; path = BlocstagramTests.xctest; sourceTree = BUILT_PRODUCTS_DIR; };
		052207F619EC377A00B4FDED /* Info.plist */ = {isa = PBXFileReference; lastKnownFileType = text.plist.xml; path = Info.plist; sourceTree = "<group>"; };
		052207F719EC377A00B4FDED /* BlocstagramTests.m */ = {isa = PBXFileReference; lastKnownFileType = sourcecode.c.objc; path = BlocstagramTests.m; sourceTree = "<group>"; };
		0522080219EC386F00B4FDED /* 1.jpg */ = {isa = PBXFileReference; lastKnownFileType = image.jpeg; path = 1.jpg; sourceTree = "<group>"; };
		0522080419EC388600B4FDED /* 10.jpg */ = {isa = PBXFileReference; lastKnownFileType = image.jpeg; path = 10.jpg; sourceTree = "<group>"; };
		0522080619EC389400B4FDED /* 9.jpg */ = {isa = PBXFileReference; lastKnownFileType = image.jpeg; path = 9.jpg; sourceTree = "<group>"; };
		0522080819EC38A400B4FDED /* 5.jpg */ = {isa = PBXFileReference; lastKnownFileType = image.jpeg; path = 5.jpg; sourceTree = "<group>"; };
		0522080919EC38A400B4FDED /* 6.jpg */ = {isa = PBXFileReference; lastKnownFileType = image.jpeg; path = 6.jpg; sourceTree = "<group>"; };
		0522080A19EC38A400B4FDED /* 7.jpg */ = {isa = PBXFileReference; lastKnownFileType = image.jpeg; path = 7.jpg; sourceTree = "<group>"; };
		0522080B19EC38A400B4FDED /* 8.jpg */ = {isa = PBXFileReference; lastKnownFileType = image.jpeg; path = 8.jpg; sourceTree = "<group>"; };
		0522081019EC38B200B4FDED /* 2.jpg */ = {isa = PBXFileReference; lastKnownFileType = image.jpeg; path = 2.jpg; sourceTree = "<group>"; };
		0522081119EC38B200B4FDED /* 3.jpg */ = {isa = PBXFileReference; lastKnownFileType = image.jpeg; path = 3.jpg; sourceTree = "<group>"; };
		0522081219EC38B200B4FDED /* 4.jpg */ = {isa = PBXFileReference; lastKnownFileType = image.jpeg; path = 4.jpg; sourceTree = "<group>"; };
		0522081619EC3A0300B4FDED /* ImagesTableViewController.h */ = {isa = PBXFileReference; fileEncoding = 4; lastKnownFileType = sourcecode.c.h; name = ImagesTableViewController.h; path = ../ImagesTableViewController.h; sourceTree = "<group>"; };
		0522081719EC3A0300B4FDED /* ImagesTableViewController.m */ = {isa = PBXFileReference; fileEncoding = 4; lastKnownFileType = sourcecode.c.objc; name = ImagesTableViewController.m; path = ../ImagesTableViewController.m; sourceTree = "<group>"; };
		0522081919EC910A00B4FDED /* User.h */ = {isa = PBXFileReference; fileEncoding = 4; lastKnownFileType = sourcecode.c.h; path = User.h; sourceTree = "<group>"; };
		0522081A19EC910A00B4FDED /* User.m */ = {isa = PBXFileReference; fileEncoding = 4; lastKnownFileType = sourcecode.c.objc; path = User.m; sourceTree = "<group>"; };
		0522081C19EC929200B4FDED /* Media.h */ = {isa = PBXFileReference; fileEncoding = 4; lastKnownFileType = sourcecode.c.h; path = Media.h; sourceTree = "<group>"; };
		0522081D19EC929200B4FDED /* Media.m */ = {isa = PBXFileReference; fileEncoding = 4; lastKnownFileType = sourcecode.c.objc; path = Media.m; sourceTree = "<group>"; };
		0522081F19EC940C00B4FDED /* Comment.h */ = {isa = PBXFileReference; fileEncoding = 4; lastKnownFileType = sourcecode.c.h; path = Comment.h; sourceTree = "<group>"; };
		0522082019EC940D00B4FDED /* Comment.m */ = {isa = PBXFileReference; fileEncoding = 4; lastKnownFileType = sourcecode.c.objc; path = Comment.m; sourceTree = "<group>"; };
		0522082219EC947C00B4FDED /* DataSource.h */ = {isa = PBXFileReference; fileEncoding = 4; lastKnownFileType = sourcecode.c.h; path = DataSource.h; sourceTree = "<group>"; };
		0522082319EC947C00B4FDED /* DataSource.m */ = {isa = PBXFileReference; fileEncoding = 4; lastKnownFileType = sourcecode.c.objc; path = DataSource.m; sourceTree = "<group>"; };
		0522082819ECDBBC00B4FDED /* MediaTableViewCell.h */ = {isa = PBXFileReference; fileEncoding = 4; lastKnownFileType = sourcecode.c.h; path = MediaTableViewCell.h; sourceTree = "<group>"; };
		0522082919ECDBBC00B4FDED /* MediaTableViewCell.m */ = {isa = PBXFileReference; fileEncoding = 4; lastKnownFileType = sourcecode.c.objc; path = MediaTableViewCell.m; sourceTree = "<group>"; };
		0522082B19EF4D1000B4FDED /* LoginViewController.h */ = {isa = PBXFileReference; fileEncoding = 4; lastKnownFileType = sourcecode.c.h; path = LoginViewController.h; sourceTree = "<group>"; };
		0522082C19EF4D1000B4FDED /* LoginViewController.m */ = {isa = PBXFileReference; fileEncoding = 4; lastKnownFileType = sourcecode.c.objc; path = LoginViewController.m; sourceTree = "<group>"; };
/* End PBXFileReference section */

/* Begin PBXFrameworksBuildPhase section */
		052207D519EC377900B4FDED /* Frameworks */ = {
			isa = PBXFrameworksBuildPhase;
			buildActionMask = 2147483647;
			files = (
			);
			runOnlyForDeploymentPostprocessing = 0;
		};
		052207EE19EC377A00B4FDED /* Frameworks */ = {
			isa = PBXFrameworksBuildPhase;
			buildActionMask = 2147483647;
			files = (
			);
			runOnlyForDeploymentPostprocessing = 0;
		};
/* End PBXFrameworksBuildPhase section */

/* Begin PBXGroup section */
		052207CF19EC377900B4FDED = {
			isa = PBXGroup;
			children = (
				052207DA19EC377900B4FDED /* Blocstagram */,
				052207F419EC377A00B4FDED /* BlocstagramTests */,
				052207D919EC377900B4FDED /* Products */,
			);
			sourceTree = "<group>";
		};
		052207D919EC377900B4FDED /* Products */ = {
			isa = PBXGroup;
			children = (
				052207D819EC377900B4FDED /* Blocstagram.app */,
				052207F119EC377A00B4FDED /* BlocstagramTests.xctest */,
			);
			name = Products;
			sourceTree = "<group>";
		};
		052207DA19EC377900B4FDED /* Blocstagram */ = {
			isa = PBXGroup;
			children = (
				0522082819ECDBBC00B4FDED /* MediaTableViewCell.h */,
				0522082919ECDBBC00B4FDED /* MediaTableViewCell.m */,
				0522081619EC3A0300B4FDED /* ImagesTableViewController.h */,
				0522081719EC3A0300B4FDED /* ImagesTableViewController.m */,
				0522081919EC910A00B4FDED /* User.h */,
				0522081A19EC910A00B4FDED /* User.m */,
				0522081C19EC929200B4FDED /* Media.h */,
				0522081D19EC929200B4FDED /* Media.m */,
				0522081F19EC940C00B4FDED /* Comment.h */,
				0522082019EC940D00B4FDED /* Comment.m */,
				0522082219EC947C00B4FDED /* DataSource.h */,
				0522082319EC947C00B4FDED /* DataSource.m */,
				0522082B19EF4D1000B4FDED /* LoginViewController.h */,
				0522082C19EF4D1000B4FDED /* LoginViewController.m */,
				052207DF19EC377900B4FDED /* AppDelegate.h */,
				052207E019EC377A00B4FDED /* AppDelegate.m */,
				052207E819EC377A00B4FDED /* Images.xcassets */,
				052207EA19EC377A00B4FDED /* LaunchScreen.xib */,
				0522080119EC382500B4FDED /* Images */,
				052207DB19EC377900B4FDED /* Supporting Files */,
			);
			path = Blocstagram;
			sourceTree = "<group>";
		};
		052207DB19EC377900B4FDED /* Supporting Files */ = {
			isa = PBXGroup;
			children = (
				052207DC19EC377900B4FDED /* Info.plist */,
				052207DD19EC377900B4FDED /* main.m */,
			);
			name = "Supporting Files";
			sourceTree = "<group>";
		};
		052207F419EC377A00B4FDED /* BlocstagramTests */ = {
			isa = PBXGroup;
			children = (
				052207F719EC377A00B4FDED /* BlocstagramTests.m */,
				052207F519EC377A00B4FDED /* Supporting Files */,
			);
			path = BlocstagramTests;
			sourceTree = "<group>";
		};
		052207F519EC377A00B4FDED /* Supporting Files */ = {
			isa = PBXGroup;
			children = (
				052207F619EC377A00B4FDED /* Info.plist */,
			);
			name = "Supporting Files";
			sourceTree = "<group>";
		};
		0522080119EC382500B4FDED /* Images */ = {
			isa = PBXGroup;
			children = (
				0522080219EC386F00B4FDED /* 1.jpg */,
				0522081019EC38B200B4FDED /* 2.jpg */,
				0522081119EC38B200B4FDED /* 3.jpg */,
				0522081219EC38B200B4FDED /* 4.jpg */,
				0522080819EC38A400B4FDED /* 5.jpg */,
				0522080919EC38A400B4FDED /* 6.jpg */,
				0522080A19EC38A400B4FDED /* 7.jpg */,
				0522080B19EC38A400B4FDED /* 8.jpg */,
				0522080619EC389400B4FDED /* 9.jpg */,
				0522080419EC388600B4FDED /* 10.jpg */,
			);
			name = Images;
			sourceTree = "<group>";
		};
/* End PBXGroup section */

/* Begin PBXNativeTarget section */
		052207D719EC377900B4FDED /* Blocstagram */ = {
			isa = PBXNativeTarget;
			buildConfigurationList = 052207FB19EC377A00B4FDED /* Build configuration list for PBXNativeTarget "Blocstagram" */;
			buildPhases = (
				052207D419EC377900B4FDED /* Sources */,
				052207D519EC377900B4FDED /* Frameworks */,
				052207D619EC377900B4FDED /* Resources */,
			);
			buildRules = (
			);
			dependencies = (
			);
			name = Blocstagram;
			productName = Blocstagram;
			productReference = 052207D819EC377900B4FDED /* Blocstagram.app */;
			productType = "com.apple.product-type.application";
		};
		052207F019EC377A00B4FDED /* BlocstagramTests */ = {
			isa = PBXNativeTarget;
			buildConfigurationList = 052207FE19EC377A00B4FDED /* Build configuration list for PBXNativeTarget "BlocstagramTests" */;
			buildPhases = (
				052207ED19EC377A00B4FDED /* Sources */,
				052207EE19EC377A00B4FDED /* Frameworks */,
				052207EF19EC377A00B4FDED /* Resources */,
			);
			buildRules = (
			);
			dependencies = (
				052207F319EC377A00B4FDED /* PBXTargetDependency */,
			);
			name = BlocstagramTests;
			productName = BlocstagramTests;
			productReference = 052207F119EC377A00B4FDED /* BlocstagramTests.xctest */;
			productType = "com.apple.product-type.bundle.unit-test";
		};
/* End PBXNativeTarget section */

/* Begin PBXProject section */
		052207D019EC377900B4FDED /* Project object */ = {
			isa = PBXProject;
			attributes = {
				LastUpgradeCheck = 0600;
				ORGANIZATIONNAME = "Sameer Totey";
				TargetAttributes = {
					052207D719EC377900B4FDED = {
						CreatedOnToolsVersion = 6.0.1;
					};
					052207F019EC377A00B4FDED = {
						CreatedOnToolsVersion = 6.0.1;
						TestTargetID = 052207D719EC377900B4FDED;
					};
				};
			};
			buildConfigurationList = 052207D319EC377900B4FDED /* Build configuration list for PBXProject "Blocstagram" */;
			compatibilityVersion = "Xcode 3.2";
			developmentRegion = English;
			hasScannedForEncodings = 0;
			knownRegions = (
				en,
				Base,
			);
			mainGroup = 052207CF19EC377900B4FDED;
			productRefGroup = 052207D919EC377900B4FDED /* Products */;
			projectDirPath = "";
			projectRoot = "";
			targets = (
				052207D719EC377900B4FDED /* Blocstagram */,
				052207F019EC377A00B4FDED /* BlocstagramTests */,
			);
		};
/* End PBXProject section */

/* Begin PBXResourcesBuildPhase section */
		052207D619EC377900B4FDED /* Resources */ = {
			isa = PBXResourcesBuildPhase;
			buildActionMask = 2147483647;
			files = (
				0522080C19EC38A400B4FDED /* 5.jpg in Resources */,
				0522080E19EC38A400B4FDED /* 7.jpg in Resources */,
				052207EC19EC377A00B4FDED /* LaunchScreen.xib in Resources */,
				052207E919EC377A00B4FDED /* Images.xcassets in Resources */,
				0522081419EC38B200B4FDED /* 3.jpg in Resources */,
				0522081519EC38B200B4FDED /* 4.jpg in Resources */,
				0522081319EC38B200B4FDED /* 2.jpg in Resources */,
				0522080719EC389500B4FDED /* 9.jpg in Resources */,
				0522080319EC386F00B4FDED /* 1.jpg in Resources */,
				0522080519EC388600B4FDED /* 10.jpg in Resources */,
				0522080D19EC38A400B4FDED /* 6.jpg in Resources */,
				0522080F19EC38A400B4FDED /* 8.jpg in Resources */,
			);
			runOnlyForDeploymentPostprocessing = 0;
		};
		052207EF19EC377A00B4FDED /* Resources */ = {
			isa = PBXResourcesBuildPhase;
			buildActionMask = 2147483647;
			files = (
			);
			runOnlyForDeploymentPostprocessing = 0;
		};
/* End PBXResourcesBuildPhase section */

/* Begin PBXSourcesBuildPhase section */
		052207D419EC377900B4FDED /* Sources */ = {
			isa = PBXSourcesBuildPhase;
			buildActionMask = 2147483647;
			files = (
				0522081B19EC910A00B4FDED /* User.m in Sources */,
				0522082119EC940D00B4FDED /* Comment.m in Sources */,
				0522082A19ECDBBC00B4FDED /* MediaTableViewCell.m in Sources */,
				0522081E19EC929200B4FDED /* Media.m in Sources */,
				0522081819EC3A0300B4FDED /* ImagesTableViewController.m in Sources */,
				0522082D19EF4D1000B4FDED /* LoginViewController.m in Sources */,
				0522082419EC947C00B4FDED /* DataSource.m in Sources */,
				052207E119EC377A00B4FDED /* AppDelegate.m in Sources */,
				052207DE19EC377900B4FDED /* main.m in Sources */,
			);
			runOnlyForDeploymentPostprocessing = 0;
		};
		052207ED19EC377A00B4FDED /* Sources */ = {
			isa = PBXSourcesBuildPhase;
			buildActionMask = 2147483647;
			files = (
				052207F819EC377A00B4FDED /* BlocstagramTests.m in Sources */,
			);
			runOnlyForDeploymentPostprocessing = 0;
		};
/* End PBXSourcesBuildPhase section */

/* Begin PBXTargetDependency section */
		052207F319EC377A00B4FDED /* PBXTargetDependency */ = {
			isa = PBXTargetDependency;
			target = 052207D719EC377900B4FDED /* Blocstagram */;
			targetProxy = 052207F219EC377A00B4FDED /* PBXContainerItemProxy */;
		};
/* End PBXTargetDependency section */

/* Begin PBXVariantGroup section */
		052207EA19EC377A00B4FDED /* LaunchScreen.xib */ = {
			isa = PBXVariantGroup;
			children = (
				052207EB19EC377A00B4FDED /* Base */,
			);
			name = LaunchScreen.xib;
			sourceTree = "<group>";
		};
/* End PBXVariantGroup section */

/* Begin XCBuildConfiguration section */
		052207F919EC377A00B4FDED /* Debug */ = {
			isa = XCBuildConfiguration;
			buildSettings = {
				ALWAYS_SEARCH_USER_PATHS = NO;
				CLANG_CXX_LANGUAGE_STANDARD = "gnu++0x";
				CLANG_CXX_LIBRARY = "libc++";
				CLANG_ENABLE_MODULES = YES;
				CLANG_ENABLE_OBJC_ARC = YES;
				CLANG_WARN_BOOL_CONVERSION = YES;
				CLANG_WARN_CONSTANT_CONVERSION = YES;
				CLANG_WARN_DIRECT_OBJC_ISA_USAGE = YES_ERROR;
				CLANG_WARN_EMPTY_BODY = YES;
				CLANG_WARN_ENUM_CONVERSION = YES;
				CLANG_WARN_INT_CONVERSION = YES;
				CLANG_WARN_OBJC_ROOT_CLASS = YES_ERROR;
				CLANG_WARN_UNREACHABLE_CODE = YES;
				CLANG_WARN__DUPLICATE_METHOD_MATCH = YES;
				"CODE_SIGN_IDENTITY[sdk=iphoneos*]" = "iPhone Developer";
				COPY_PHASE_STRIP = NO;
				ENABLE_STRICT_OBJC_MSGSEND = YES;
				GCC_C_LANGUAGE_STANDARD = gnu99;
				GCC_DYNAMIC_NO_PIC = NO;
				GCC_OPTIMIZATION_LEVEL = 0;
				GCC_PREPROCESSOR_DEFINITIONS = (
					"DEBUG=1",
					"$(inherited)",
				);
				GCC_SYMBOLS_PRIVATE_EXTERN = NO;
				GCC_WARN_64_TO_32_BIT_CONVERSION = YES;
				GCC_WARN_ABOUT_RETURN_TYPE = YES_ERROR;
				GCC_WARN_UNDECLARED_SELECTOR = YES;
				GCC_WARN_UNINITIALIZED_AUTOS = YES_AGGRESSIVE;
				GCC_WARN_UNUSED_FUNCTION = YES;
				GCC_WARN_UNUSED_VARIABLE = YES;
				IPHONEOS_DEPLOYMENT_TARGET = 8.0;
				MTL_ENABLE_DEBUG_INFO = YES;
				ONLY_ACTIVE_ARCH = YES;
				SDKROOT = iphoneos;
				TARGETED_DEVICE_FAMILY = "1,2";
			};
			name = Debug;
		};
		052207FA19EC377A00B4FDED /* Release */ = {
			isa = XCBuildConfiguration;
			buildSettings = {
				ALWAYS_SEARCH_USER_PATHS = NO;
				CLANG_CXX_LANGUAGE_STANDARD = "gnu++0x";
				CLANG_CXX_LIBRARY = "libc++";
				CLANG_ENABLE_MODULES = YES;
				CLANG_ENABLE_OBJC_ARC = YES;
				CLANG_WARN_BOOL_CONVERSION = YES;
				CLANG_WARN_CONSTANT_CONVERSION = YES;
				CLANG_WARN_DIRECT_OBJC_ISA_USAGE = YES_ERROR;
				CLANG_WARN_EMPTY_BODY = YES;
				CLANG_WARN_ENUM_CONVERSION = YES;
				CLANG_WARN_INT_CONVERSION = YES;
				CLANG_WARN_OBJC_ROOT_CLASS = YES_ERROR;
				CLANG_WARN_UNREACHABLE_CODE = YES;
				CLANG_WARN__DUPLICATE_METHOD_MATCH = YES;
				"CODE_SIGN_IDENTITY[sdk=iphoneos*]" = "iPhone Developer";
				COPY_PHASE_STRIP = YES;
				ENABLE_NS_ASSERTIONS = NO;
				ENABLE_STRICT_OBJC_MSGSEND = YES;
				GCC_C_LANGUAGE_STANDARD = gnu99;
				GCC_WARN_64_TO_32_BIT_CONVERSION = YES;
				GCC_WARN_ABOUT_RETURN_TYPE = YES_ERROR;
				GCC_WARN_UNDECLARED_SELECTOR = YES;
				GCC_WARN_UNINITIALIZED_AUTOS = YES_AGGRESSIVE;
				GCC_WARN_UNUSED_FUNCTION = YES;
				GCC_WARN_UNUSED_VARIABLE = YES;
				IPHONEOS_DEPLOYMENT_TARGET = 8.0;
				MTL_ENABLE_DEBUG_INFO = NO;
				SDKROOT = iphoneos;
				TARGETED_DEVICE_FAMILY = "1,2";
				VALIDATE_PRODUCT = YES;
			};
			name = Release;
		};
		052207FC19EC377A00B4FDED /* Debug */ = {
			isa = XCBuildConfiguration;
			buildSettings = {
				ASSETCATALOG_COMPILER_APPICON_NAME = AppIcon;
				INFOPLIST_FILE = Blocstagram/Info.plist;
				LD_RUNPATH_SEARCH_PATHS = "$(inherited) @executable_path/Frameworks";
				PRODUCT_NAME = "$(TARGET_NAME)";
			};
			name = Debug;
		};
		052207FD19EC377A00B4FDED /* Release */ = {
			isa = XCBuildConfiguration;
			buildSettings = {
				ASSETCATALOG_COMPILER_APPICON_NAME = AppIcon;
				INFOPLIST_FILE = Blocstagram/Info.plist;
				LD_RUNPATH_SEARCH_PATHS = "$(inherited) @executable_path/Frameworks";
				PRODUCT_NAME = "$(TARGET_NAME)";
			};
			name = Release;
		};
		052207FF19EC377A00B4FDED /* Debug */ = {
			isa = XCBuildConfiguration;
			buildSettings = {
				BUNDLE_LOADER = "$(TEST_HOST)";
				FRAMEWORK_SEARCH_PATHS = (
					"$(SDKROOT)/Developer/Library/Frameworks",
					"$(inherited)",
				);
				GCC_PREPROCESSOR_DEFINITIONS = (
					"DEBUG=1",
					"$(inherited)",
				);
				INFOPLIST_FILE = BlocstagramTests/Info.plist;
				LD_RUNPATH_SEARCH_PATHS = "$(inherited) @executable_path/Frameworks @loader_path/Frameworks";
				PRODUCT_NAME = "$(TARGET_NAME)";
				TEST_HOST = "$(BUILT_PRODUCTS_DIR)/Blocstagram.app/Blocstagram";
			};
			name = Debug;
		};
		0522080019EC377A00B4FDED /* Release */ = {
			isa = XCBuildConfiguration;
			buildSettings = {
				BUNDLE_LOADER = "$(TEST_HOST)";
				FRAMEWORK_SEARCH_PATHS = (
					"$(SDKROOT)/Developer/Library/Frameworks",
					"$(inherited)",
				);
				INFOPLIST_FILE = BlocstagramTests/Info.plist;
				LD_RUNPATH_SEARCH_PATHS = "$(inherited) @executable_path/Frameworks @loader_path/Frameworks";
				PRODUCT_NAME = "$(TARGET_NAME)";
				TEST_HOST = "$(BUILT_PRODUCTS_DIR)/Blocstagram.app/Blocstagram";
			};
			name = Release;
		};
/* End XCBuildConfiguration section */

/* Begin XCConfigurationList section */
		052207D319EC377900B4FDED /* Build configuration list for PBXProject "Blocstagram" */ = {
			isa = XCConfigurationList;
			buildConfigurations = (
				052207F919EC377A00B4FDED /* Debug */,
				052207FA19EC377A00B4FDED /* Release */,
			);
			defaultConfigurationIsVisible = 0;
			defaultConfigurationName = Release;
		};
		052207FB19EC377A00B4FDED /* Build configuration list for PBXNativeTarget "Blocstagram" */ = {
			isa = XCConfigurationList;
			buildConfigurations = (
				052207FC19EC377A00B4FDED /* Debug */,
				052207FD19EC377A00B4FDED /* Release */,
			);
			defaultConfigurationIsVisible = 0;
			defaultConfigurationName = Release;
		};
		052207FE19EC377A00B4FDED /* Build configuration list for PBXNativeTarget "BlocstagramTests" */ = {
			isa = XCConfigurationList;
			buildConfigurations = (
				052207FF19EC377A00B4FDED /* Debug */,
				0522080019EC377A00B4FDED /* Release */,
			);
			defaultConfigurationIsVisible = 0;
			defaultConfigurationName = Release;
		};
/* End XCConfigurationList section */
	};
	rootObject = 052207D019EC377900B4FDED /* Project object */;
}
